
Microsoft Visual Studio Solution File, Format Version 12.00
# Visual Studio Version 17
VisualStudioVersion = 17.0.31912.275
MinimumVisualStudioVersion = 10.0.40219.1
Project("{FAE04EC0-301F-11D3-BF4B-00C04F79EFBC}") = "AzureDevopsTools", "AzureDevopsTools\AzureDevopsTools.csproj", "{3C37CBA5-DC49-476E-A9CD-A4798E1D6052}"
EndProject
Global
	GlobalSection(SolutionConfigurationPlatforms) = preSolution
		Debug|Any CPU = Debug|Any CPU
		Release|Any CPU = Release|Any CPU
	EndGlobalSection
	GlobalSection(ProjectConfigurationPlatforms) = postSolution
		{3C37CBA5-DC49-476E-A9CD-A4798E1D6052}.Debug|Any CPU.ActiveCfg = Debug|Any CPU
		{3C37CBA5-DC49-476E-A9CD-A4798E1D6052}.Debug|Any CPU.Build.0 = Debug|Any CPU
		{3C37CBA5-DC49-476E-A9CD-A4798E1D6052}.Release|Any CPU.ActiveCfg = Release|Any CPU
		{3C37CBA5-DC49-476E-A9CD-A4798E1D6052}.Release|Any CPU.Build.0 = Release|Any CPU
	EndGlobalSection
	GlobalSection(SolutionProperties) = preSolution
		HideSolutionNode = FALSE
	EndGlobalSection
	GlobalSection(ExtensibilityGlobals) = postSolution
		SolutionGuid = {B392E0D3-9427-4753-9EEB-D6D2EE7DFFE1}
	EndGlobalSection
EndGlobal
